// !$*UTF8*$!
{
	archiveVersion = 1;
	classes = {
	};
	objectVersion = 50;
	objects = {

/* Begin PBXBuildFile section */
		118CA46691F6AC9DF2F9A01D /* libPods-Plant3r.a in Frameworks */ = {isa = PBXBuildFile; fileRef = 6C0B086D013231C0BE70BAA6 /* libPods-Plant3r.a */; };
		370037F424375ABA003AE684 /* AppIcon.jpg in Resources */ = {isa = PBXBuildFile; fileRef = 370037F324375ABA003AE684 /* AppIcon.jpg */; };
		372896E924338A3500F91BC7 /* AppDelegate.swift in Sources */ = {isa = PBXBuildFile; fileRef = 372896E824338A3500F91BC7 /* AppDelegate.swift */; };
		372896EB24338A3500F91BC7 /* SceneDelegate.swift in Sources */ = {isa = PBXBuildFile; fileRef = 372896EA24338A3500F91BC7 /* SceneDelegate.swift */; };
		372896ED24338A3500F91BC7 /* ViewController.swift in Sources */ = {isa = PBXBuildFile; fileRef = 372896EC24338A3500F91BC7 /* ViewController.swift */; };
		372896F024338A3500F91BC7 /* Main.storyboard in Resources */ = {isa = PBXBuildFile; fileRef = 372896EE24338A3500F91BC7 /* Main.storyboard */; };
		372896F224338A3700F91BC7 /* Assets.xcassets in Resources */ = {isa = PBXBuildFile; fileRef = 372896F124338A3700F91BC7 /* Assets.xcassets */; };
		372896F524338A3700F91BC7 /* LaunchScreen.storyboard in Resources */ = {isa = PBXBuildFile; fileRef = 372896F324338A3700F91BC7 /* LaunchScreen.storyboard */; };
		37304B5C245E5231007F5FA0 /* AWSCognito.framework in Frameworks */ = {isa = PBXBuildFile; fileRef = 37304B56245E3E87007F5FA0 /* AWSCognito.framework */; };
		37304B5D245E5231007F5FA0 /* AWSCognito.framework in Embed Frameworks */ = {isa = PBXBuildFile; fileRef = 37304B56245E3E87007F5FA0 /* AWSCognito.framework */; settings = {ATTRIBUTES = (CodeSignOnCopy, RemoveHeadersOnCopy, ); }; };
		37304B5F245E5232007F5FA0 /* AWSCore.framework in Frameworks */ = {isa = PBXBuildFile; fileRef = 37304B58245E3EA1007F5FA0 /* AWSCore.framework */; };
		37304B60245E5232007F5FA0 /* AWSCore.framework in Embed Frameworks */ = {isa = PBXBuildFile; fileRef = 37304B58245E3EA1007F5FA0 /* AWSCore.framework */; settings = {ATTRIBUTES = (CodeSignOnCopy, RemoveHeadersOnCopy, ); }; };
		37304B61245E5234007F5FA0 /* AWSLex.framework in Frameworks */ = {isa = PBXBuildFile; fileRef = 37304B5A245E3EAE007F5FA0 /* AWSLex.framework */; };
		37304B62245E5234007F5FA0 /* AWSLex.framework in Embed Frameworks */ = {isa = PBXBuildFile; fileRef = 37304B5A245E3EAE007F5FA0 /* AWSLex.framework */; settings = {ATTRIBUTES = (CodeSignOnCopy, RemoveHeadersOnCopy, ); }; };
		374C775E2433BD7100639C26 /* GoogleService-Info.plist in Resources */ = {isa = PBXBuildFile; fileRef = 374C775D2433BD7100639C26 /* GoogleService-Info.plist */; };
/* End PBXBuildFile section */

/* Begin PBXCopyFilesBuildPhase section */
		37304B5E245E5231007F5FA0 /* Embed Frameworks */ = {
			isa = PBXCopyFilesBuildPhase;
			buildActionMask = 2147483647;
			dstPath = "";
			dstSubfolderSpec = 10;
			files = (
				37304B62245E5234007F5FA0 /* AWSLex.framework in Embed Frameworks */,
				37304B5D245E5231007F5FA0 /* AWSCognito.framework in Embed Frameworks */,
				37304B60245E5232007F5FA0 /* AWSCore.framework in Embed Frameworks */,
			);
			name = "Embed Frameworks";
			runOnlyForDeploymentPostprocessing = 0;
		};
/* End PBXCopyFilesBuildPhase section */

/* Begin PBXFileReference section */
		0C0D0CF41DB0904DCBEA6C0A /* Pods-Plant3r.release.xcconfig */ = {isa = PBXFileReference; includeInIndex = 1; lastKnownFileType = text.xcconfig; name = "Pods-Plant3r.release.xcconfig"; path = "Target Support Files/Pods-Plant3r/Pods-Plant3r.release.xcconfig"; sourceTree = "<group>"; };
		370037F324375ABA003AE684 /* AppIcon.jpg */ = {isa = PBXFileReference; lastKnownFileType = image.jpeg; path = AppIcon.jpg; sourceTree = "<group>"; };
		370037F5245E01DB003AE684 /* podfile */ = {isa = PBXFileReference; lastKnownFileType = text; path = podfile; sourceTree = SOURCE_ROOT; xcLanguageSpecificationIdentifier = xcode.lang.ruby; };
		372896E524338A3500F91BC7 /* Plant3r.app */ = {isa = PBXFileReference; explicitFileType = wrapper.application; includeInIndex = 0; path = Plant3r.app; sourceTree = BUILT_PRODUCTS_DIR; };
		372896E824338A3500F91BC7 /* AppDelegate.swift */ = {isa = PBXFileReference; lastKnownFileType = sourcecode.swift; path = AppDelegate.swift; sourceTree = "<group>"; };
		372896EA24338A3500F91BC7 /* SceneDelegate.swift */ = {isa = PBXFileReference; lastKnownFileType = sourcecode.swift; path = SceneDelegate.swift; sourceTree = "<group>"; };
		372896EC24338A3500F91BC7 /* ViewController.swift */ = {isa = PBXFileReference; lastKnownFileType = sourcecode.swift; path = ViewController.swift; sourceTree = "<group>"; };
		372896EF24338A3500F91BC7 /* Base */ = {isa = PBXFileReference; lastKnownFileType = file.storyboard; name = Base; path = Base.lproj/Main.storyboard; sourceTree = "<group>"; };
		372896F124338A3700F91BC7 /* Assets.xcassets */ = {isa = PBXFileReference; lastKnownFileType = folder.assetcatalog; path = Assets.xcassets; sourceTree = "<group>"; };
		372896F424338A3700F91BC7 /* Base */ = {isa = PBXFileReference; lastKnownFileType = file.storyboard; name = Base; path = Base.lproj/LaunchScreen.storyboard; sourceTree = "<group>"; };
		372896F624338A3700F91BC7 /* Info.plist */ = {isa = PBXFileReference; lastKnownFileType = text.plist.xml; path = Info.plist; sourceTree = "<group>"; };
		37304B56245E3E87007F5FA0 /* AWSCognito.framework */ = {isa = PBXFileReference; lastKnownFileType = wrapper.framework; path = AWSCognito.framework; sourceTree = "<group>"; };
		37304B58245E3EA1007F5FA0 /* AWSCore.framework */ = {isa = PBXFileReference; lastKnownFileType = wrapper.framework; path = AWSCore.framework; sourceTree = "<group>"; };
		37304B5A245E3EAE007F5FA0 /* AWSLex.framework */ = {isa = PBXFileReference; lastKnownFileType = wrapper.framework; path = AWSLex.framework; sourceTree = "<group>"; };
		374C775D2433BD7100639C26 /* GoogleService-Info.plist */ = {isa = PBXFileReference; fileEncoding = 4; lastKnownFileType = text.plist.xml; path = "GoogleService-Info.plist"; sourceTree = "<group>"; };
		374C775F2433D02B00639C26 /* ObjCBridgingHeader.h */ = {isa = PBXFileReference; lastKnownFileType = sourcecode.c.h; path = ObjCBridgingHeader.h; sourceTree = "<group>"; };
		6C0B086D013231C0BE70BAA6 /* libPods-Plant3r.a */ = {isa = PBXFileReference; explicitFileType = archive.ar; includeInIndex = 0; path = "libPods-Plant3r.a"; sourceTree = BUILT_PRODUCTS_DIR; };
		D11D7E273808120F12C093E1 /* Pods-Plant3r.debug.xcconfig */ = {isa = PBXFileReference; includeInIndex = 1; lastKnownFileType = text.xcconfig; name = "Pods-Plant3r.debug.xcconfig"; path = "Target Support Files/Pods-Plant3r/Pods-Plant3r.debug.xcconfig"; sourceTree = "<group>"; };
/* End PBXFileReference section */

/* Begin PBXFrameworksBuildPhase section */
		372896E224338A3400F91BC7 /* Frameworks */ = {
			isa = PBXFrameworksBuildPhase;
			buildActionMask = 2147483647;
			files = (
				37304B61245E5234007F5FA0 /* AWSLex.framework in Frameworks */,
				37304B5F245E5232007F5FA0 /* AWSCore.framework in Frameworks */,
				118CA46691F6AC9DF2F9A01D /* libPods-Plant3r.a in Frameworks */,
				37304B5C245E5231007F5FA0 /* AWSCognito.framework in Frameworks */,
			);
			runOnlyForDeploymentPostprocessing = 0;
		};
/* End PBXFrameworksBuildPhase section */

/* Begin PBXGroup section */
		0A220A88652AB62D25775112 /* Frameworks */ = {
			isa = PBXGroup;
			children = (
				37304B5A245E3EAE007F5FA0 /* AWSLex.framework */,
				37304B58245E3EA1007F5FA0 /* AWSCore.framework */,
				37304B56245E3E87007F5FA0 /* AWSCognito.framework */,
				6C0B086D013231C0BE70BAA6 /* libPods-Plant3r.a */,
			);
			name = Frameworks;
			sourceTree = "<group>";
		};
		372896DC24338A3400F91BC7 = {
			isa = PBXGroup;
			children = (
				372896E724338A3500F91BC7 /* Plant3r */,
				372896E624338A3500F91BC7 /* Products */,
				89E73BA45E0B2903D0027C49 /* Pods */,
				0A220A88652AB62D25775112 /* Frameworks */,
			);
			sourceTree = "<group>";
		};
		372896E624338A3500F91BC7 /* Products */ = {
			isa = PBXGroup;
			children = (
				372896E524338A3500F91BC7 /* Plant3r.app */,
			);
			name = Products;
			sourceTree = "<group>";
		};
		372896E724338A3500F91BC7 /* Plant3r */ = {
			isa = PBXGroup;
			children = (
				370037F5245E01DB003AE684 /* podfile */,
				372896E824338A3500F91BC7 /* AppDelegate.swift */,
				372896EA24338A3500F91BC7 /* SceneDelegate.swift */,
				372896EC24338A3500F91BC7 /* ViewController.swift */,
				372896EE24338A3500F91BC7 /* Main.storyboard */,
				372896F124338A3700F91BC7 /* Assets.xcassets */,
				372896F324338A3700F91BC7 /* LaunchScreen.storyboard */,
				374C775D2433BD7100639C26 /* GoogleService-Info.plist */,
				372896F624338A3700F91BC7 /* Info.plist */,
				374C775F2433D02B00639C26 /* ObjCBridgingHeader.h */,
				370037F324375ABA003AE684 /* AppIcon.jpg */,
			);
			path = Plant3r;
			sourceTree = "<group>";
		};
		89E73BA45E0B2903D0027C49 /* Pods */ = {
			isa = PBXGroup;
			children = (
				D11D7E273808120F12C093E1 /* Pods-Plant3r.debug.xcconfig */,
				0C0D0CF41DB0904DCBEA6C0A /* Pods-Plant3r.release.xcconfig */,
			);
			path = Pods;
			sourceTree = "<group>";
		};
/* End PBXGroup section */

/* Begin PBXNativeTarget section */
		372896E424338A3400F91BC7 /* Plant3r */ = {
			isa = PBXNativeTarget;
			buildConfigurationList = 372896F924338A3700F91BC7 /* Build configuration list for PBXNativeTarget "Plant3r" */;
			buildPhases = (
				788AB071B170E4164126A1B0 /* [CP] Check Pods Manifest.lock */,
				372896E124338A3400F91BC7 /* Sources */,
				372896E224338A3400F91BC7 /* Frameworks */,
				372896E324338A3400F91BC7 /* Resources */,
				37304B5E245E5231007F5FA0 /* Embed Frameworks */,
			);
			buildRules = (
			);
			dependencies = (
			);
			name = Plant3r;
			productName = Plant3r;
			productReference = 372896E524338A3500F91BC7 /* Plant3r.app */;
			productType = "com.apple.product-type.application";
		};
/* End PBXNativeTarget section */

/* Begin PBXProject section */
		372896DD24338A3400F91BC7 /* Project object */ = {
			isa = PBXProject;
			attributes = {
				LastSwiftUpdateCheck = 1130;
				LastUpgradeCheck = 1130;
				ORGANIZATIONNAME = "G-Bear";
				TargetAttributes = {
					372896E424338A3400F91BC7 = {
						CreatedOnToolsVersion = 11.3.1;
					};
				};
			};
			buildConfigurationList = 372896E024338A3400F91BC7 /* Build configuration list for PBXProject "Plant3r" */;
			compatibilityVersion = "Xcode 9.3";
			developmentRegion = en;
			hasScannedForEncodings = 0;
			knownRegions = (
				en,
				Base,
			);
			mainGroup = 372896DC24338A3400F91BC7;
			productRefGroup = 372896E624338A3500F91BC7 /* Products */;
			projectDirPath = "";
			projectRoot = "";
			targets = (
				372896E424338A3400F91BC7 /* Plant3r */,
			);
		};
/* End PBXProject section */

/* Begin PBXResourcesBuildPhase section */
		372896E324338A3400F91BC7 /* Resources */ = {
			isa = PBXResourcesBuildPhase;
			buildActionMask = 2147483647;
			files = (
				372896F524338A3700F91BC7 /* LaunchScreen.storyboard in Resources */,
				370037F424375ABA003AE684 /* AppIcon.jpg in Resources */,
				374C775E2433BD7100639C26 /* GoogleService-Info.plist in Resources */,
				372896F224338A3700F91BC7 /* Assets.xcassets in Resources */,
				372896F024338A3500F91BC7 /* Main.storyboard in Resources */,
			);
			runOnlyForDeploymentPostprocessing = 0;
		};
/* End PBXResourcesBuildPhase section */

/* Begin PBXShellScriptBuildPhase section */
		788AB071B170E4164126A1B0 /* [CP] Check Pods Manifest.lock */ = {
			isa = PBXShellScriptBuildPhase;
			buildActionMask = 2147483647;
			files = (
			);
			inputFileListPaths = (
			);
			inputPaths = (
				"${PODS_PODFILE_DIR_PATH}/Podfile.lock",
				"${PODS_ROOT}/Manifest.lock",
			);
			name = "[CP] Check Pods Manifest.lock";
			outputFileListPaths = (
			);
			outputPaths = (
				"$(DERIVED_FILE_DIR)/Pods-Plant3r-checkManifestLockResult.txt",
			);
			runOnlyForDeploymentPostprocessing = 0;
			shellPath = /bin/sh;
			shellScript = "diff \"${PODS_PODFILE_DIR_PATH}/Podfile.lock\" \"${PODS_ROOT}/Manifest.lock\" > /dev/null\nif [ $? != 0 ] ; then\n    # print error to STDERR\n    echo \"error: The sandbox is not in sync with the Podfile.lock. Run 'pod install' or update your CocoaPods installation.\" >&2\n    exit 1\nfi\n# This output is used by Xcode 'outputs' to avoid re-running this script phase.\necho \"SUCCESS\" > \"${SCRIPT_OUTPUT_FILE_0}\"\n";
			showEnvVarsInLog = 0;
		};
/* End PBXShellScriptBuildPhase section */

/* Begin PBXSourcesBuildPhase section */
		372896E124338A3400F91BC7 /* Sources */ = {
			isa = PBXSourcesBuildPhase;
			buildActionMask = 2147483647;
			files = (
				372896ED24338A3500F91BC7 /* ViewController.swift in Sources */,
				372896E924338A3500F91BC7 /* AppDelegate.swift in Sources */,
				372896EB24338A3500F91BC7 /* SceneDelegate.swift in Sources */,
			);
			runOnlyForDeploymentPostprocessing = 0;
		};
/* End PBXSourcesBuildPhase section */

/* Begin PBXVariantGroup section */
		372896EE24338A3500F91BC7 /* Main.storyboard */ = {
			isa = PBXVariantGroup;
			children = (
				372896EF24338A3500F91BC7 /* Base */,
			);
			name = Main.storyboard;
			sourceTree = "<group>";
		};
		372896F324338A3700F91BC7 /* LaunchScreen.storyboard */ = {
			isa = PBXVariantGroup;
			children = (
				372896F424338A3700F91BC7 /* Base */,
			);
			name = LaunchScreen.storyboard;
			sourceTree = "<group>";
		};
/* End PBXVariantGroup section */

/* Begin XCBuildConfiguration section */
		372896F724338A3700F91BC7 /* Debug */ = {
			isa = XCBuildConfiguration;
			buildSettings = {
				ALWAYS_SEARCH_USER_PATHS = NO;
				CLANG_ANALYZER_NONNULL = YES;
				CLANG_ANALYZER_NUMBER_OBJECT_CONVERSION = YES_AGGRESSIVE;
				CLANG_CXX_LANGUAGE_STANDARD = "gnu++14";
				CLANG_CXX_LIBRARY = "libc++";
				CLANG_ENABLE_MODULES = YES;
				CLANG_ENABLE_OBJC_ARC = YES;
				CLANG_ENABLE_OBJC_WEAK = YES;
				CLANG_WARN_BLOCK_CAPTURE_AUTORELEASING = YES;
				CLANG_WARN_BOOL_CONVERSION = YES;
				CLANG_WARN_COMMA = YES;
				CLANG_WARN_CONSTANT_CONVERSION = YES;
				CLANG_WARN_DEPRECATED_OBJC_IMPLEMENTATIONS = YES;
				CLANG_WARN_DIRECT_OBJC_ISA_USAGE = YES_ERROR;
				CLANG_WARN_DOCUMENTATION_COMMENTS = YES;
				CLANG_WARN_EMPTY_BODY = YES;
				CLANG_WARN_ENUM_CONVERSION = YES;
				CLANG_WARN_INFINITE_RECURSION = YES;
				CLANG_WARN_INT_CONVERSION = YES;
				CLANG_WARN_NON_LITERAL_NULL_CONVERSION = YES;
				CLANG_WARN_OBJC_IMPLICIT_RETAIN_SELF = YES;
				CLANG_WARN_OBJC_LITERAL_CONVERSION = YES;
				CLANG_WARN_OBJC_ROOT_CLASS = YES_ERROR;
				CLANG_WARN_RANGE_LOOP_ANALYSIS = YES;
				CLANG_WARN_STRICT_PROTOTYPES = YES;
				CLANG_WARN_SUSPICIOUS_MOVE = YES;
				CLANG_WARN_UNGUARDED_AVAILABILITY = YES_AGGRESSIVE;
				CLANG_WARN_UNREACHABLE_CODE = YES;
				CLANG_WARN__DUPLICATE_METHOD_MATCH = YES;
				COPY_PHASE_STRIP = NO;
				DEBUG_INFORMATION_FORMAT = dwarf;
				ENABLE_STRICT_OBJC_MSGSEND = YES;
				ENABLE_TESTABILITY = YES;
				GCC_C_LANGUAGE_STANDARD = gnu11;
				GCC_DYNAMIC_NO_PIC = NO;
				GCC_NO_COMMON_BLOCKS = YES;
				GCC_OPTIMIZATION_LEVEL = 0;
				GCC_PREPROCESSOR_DEFINITIONS = (
					"DEBUG=1",
					"$(inherited)",
				);
				GCC_WARN_64_TO_32_BIT_CONVERSION = YES;
				GCC_WARN_ABOUT_RETURN_TYPE = YES_ERROR;
				GCC_WARN_UNDECLARED_SELECTOR = YES;
				GCC_WARN_UNINITIALIZED_AUTOS = YES_AGGRESSIVE;
				GCC_WARN_UNUSED_FUNCTION = YES;
				GCC_WARN_UNUSED_VARIABLE = YES;
				IPHONEOS_DEPLOYMENT_TARGET = 13.2;
				MTL_ENABLE_DEBUG_INFO = INCLUDE_SOURCE;
				MTL_FAST_MATH = YES;
				ONLY_ACTIVE_ARCH = YES;
				SDKROOT = iphoneos;
				SWIFT_ACTIVE_COMPILATION_CONDITIONS = DEBUG;
				SWIFT_OPTIMIZATION_LEVEL = "-Onone";
			};
			name = Debug;
		};
		372896F824338A3700F91BC7 /* Release */ = {
			isa = XCBuildConfiguration;
			buildSettings = {
				ALWAYS_SEARCH_USER_PATHS = NO;
				CLANG_ANALYZER_NONNULL = YES;
				CLANG_ANALYZER_NUMBER_OBJECT_CONVERSION = YES_AGGRESSIVE;
				CLANG_CXX_LANGUAGE_STANDARD = "gnu++14";
				CLANG_CXX_LIBRARY = "libc++";
				CLANG_ENABLE_MODULES = YES;
				CLANG_ENABLE_OBJC_ARC = YES;
				CLANG_ENABLE_OBJC_WEAK = YES;
				CLANG_WARN_BLOCK_CAPTURE_AUTORELEASING = YES;
				CLANG_WARN_BOOL_CONVERSION = YES;
				CLANG_WARN_COMMA = YES;
				CLANG_WARN_CONSTANT_CONVERSION = YES;
				CLANG_WARN_DEPRECATED_OBJC_IMPLEMENTATIONS = YES;
				CLANG_WARN_DIRECT_OBJC_ISA_USAGE = YES_ERROR;
				CLANG_WARN_DOCUMENTATION_COMMENTS = YES;
				CLANG_WARN_EMPTY_BODY = YES;
				CLANG_WARN_ENUM_CONVERSION = YES;
				CLANG_WARN_INFINITE_RECURSION = YES;
				CLANG_WARN_INT_CONVERSION = YES;
				CLANG_WARN_NON_LITERAL_NULL_CONVERSION = YES;
				CLANG_WARN_OBJC_IMPLICIT_RETAIN_SELF = YES;
				CLANG_WARN_OBJC_LITERAL_CONVERSION = YES;
				CLANG_WARN_OBJC_ROOT_CLASS = YES_ERROR;
				CLANG_WARN_RANGE_LOOP_ANALYSIS = YES;
				CLANG_WARN_STRICT_PROTOTYPES = YES;
				CLANG_WARN_SUSPICIOUS_MOVE = YES;
				CLANG_WARN_UNGUARDED_AVAILABILITY = YES_AGGRESSIVE;
				CLANG_WARN_UNREACHABLE_CODE = YES;
				CLANG_WARN__DUPLICATE_METHOD_MATCH = YES;
				COPY_PHASE_STRIP = NO;
				DEBUG_INFORMATION_FORMAT = "dwarf-with-dsym";
				ENABLE_NS_ASSERTIONS = NO;
				ENABLE_STRICT_OBJC_MSGSEND = YES;
				GCC_C_LANGUAGE_STANDARD = gnu11;
				GCC_NO_COMMON_BLOCKS = YES;
				GCC_WARN_64_TO_32_BIT_CONVERSION = YES;
				GCC_WARN_ABOUT_RETURN_TYPE = YES_ERROR;
				GCC_WARN_UNDECLARED_SELECTOR = YES;
				GCC_WARN_UNINITIALIZED_AUTOS = YES_AGGRESSIVE;
				GCC_WARN_UNUSED_FUNCTION = YES;
				GCC_WARN_UNUSED_VARIABLE = YES;
				IPHONEOS_DEPLOYMENT_TARGET = 13.2;
				MTL_ENABLE_DEBUG_INFO = NO;
				MTL_FAST_MATH = YES;
				SDKROOT = iphoneos;
				SWIFT_COMPILATION_MODE = wholemodule;
				SWIFT_OPTIMIZATION_LEVEL = "-O";
				VALIDATE_PRODUCT = YES;
			};
			name = Release;
		};
		372896FA24338A3700F91BC7 /* Debug */ = {
			isa = XCBuildConfiguration;
			baseConfigurationReference = D11D7E273808120F12C093E1 /* Pods-Plant3r.debug.xcconfig */;
			buildSettings = {
				ASSETCATALOG_COMPILER_APPICON_NAME = AppIcon;
				CODE_SIGN_STYLE = Automatic;
				DEVELOPMENT_TEAM = KA8LXKVMVF;
				FRAMEWORK_SEARCH_PATHS = (
					"$(inherited)",
					"\"${PODS_ROOT}\"/**",
					"$(PROJECT_DIR)",
				);
				INFOPLIST_FILE = Plant3r/Info.plist;
				LD_RUNPATH_SEARCH_PATHS = (
					"$(inherited)",
					"@executable_path/Frameworks",
				);
				PRODUCT_BUNDLE_IDENTIFIER = com.roohbear.Plant3r;
				PRODUCT_NAME = "$(TARGET_NAME)";
				SWIFT_OBJC_BRIDGING_HEADER = "$(PROJECT)/ObjCBridgingHeader.h";
				SWIFT_VERSION = 5.0;
				TARGETED_DEVICE_FAMILY = "1,2";
			};
			name = Debug;
		};
		372896FB24338A3700F91BC7 /* Release */ = {
			isa = XCBuildConfiguration;
			baseConfigurationReference = 0C0D0CF41DB0904DCBEA6C0A /* Pods-Plant3r.release.xcconfig */;
			buildSettings = {
				ASSETCATALOG_COMPILER_APPICON_NAME = AppIcon;
				CODE_SIGN_STYLE = Automatic;
				DEVELOPMENT_TEAM = KA8LXKVMVF;
				FRAMEWORK_SEARCH_PATHS = (
					"$(inherited)",
					"\"${PODS_ROOT}\"/**",
					"$(PROJECT_DIR)",
				);
				INFOPLIST_FILE = Plant3r/Info.plist;
				LD_RUNPATH_SEARCH_PATHS = (
					"$(inherited)",
					"@executable_path/Frameworks",
				);
				PRODUCT_BUNDLE_IDENTIFIER = com.roohbear.Plant3r;
				PRODUCT_NAME = "$(TARGET_NAME)";
				SWIFT_OBJC_BRIDGING_HEADER = "$(PROJECT)/ObjCBridgingHeader.h";
				SWIFT_VERSION = 5.0;
				TARGETED_DEVICE_FAMILY = "1,2";
			};
			name = Release;
		};
/* End XCBuildConfiguration section */

/* Begin XCConfigurationList section */
		372896E024338A3400F91BC7 /* Build configuration list for PBXProject "Plant3r" */ = {
			isa = XCConfigurationList;
			buildConfigurations = (
				372896F724338A3700F91BC7 /* Debug */,
				372896F824338A3700F91BC7 /* Release */,
			);
			defaultConfigurationIsVisible = 0;
			defaultConfigurationName = Release;
		};
		372896F924338A3700F91BC7 /* Build configuration list for PBXNativeTarget "Plant3r" */ = {
			isa = XCConfigurationList;
			buildConfigurations = (
				372896FA24338A3700F91BC7 /* Debug */,
				372896FB24338A3700F91BC7 /* Release */,
			);
			defaultConfigurationIsVisible = 0;
			defaultConfigurationName = Release;
		};
/* End XCConfigurationList section */
	};
	rootObject = 372896DD24338A3400F91BC7 /* Project object */;
}
